
Microsoft Visual Studio Solution File, Format Version 12.00
# Visual Studio Version 17
VisualStudioVersion = 17.11.35327.3
MinimumVisualStudioVersion = 10.0.40219.1
Project("{FAE04EC0-301F-11D3-BF4B-00C04F79EFBC}") = "Controller", "SolidJet\Controller.csproj", "{8B99A4F6-4B94-4A15-91DD-ECCE9AA749D6}"
EndProject
Project("{FAE04EC0-301F-11D3-BF4B-00C04F79EFBC}") = "DataBase", "DataBase\DataBase.csproj", "{D81E99DA-7510-4866-B855-303AF2DCBE8A}"
EndProject
Project("{FAE04EC0-301F-11D3-BF4B-00C04F79EFBC}") = "Entities", "Entities\Entities.csproj", "{C2227BA9-93C3-4BE9-B9DF-202E2417027D}"
EndProject
Project("{FAE04EC0-301F-11D3-BF4B-00C04F79EFBC}") = "Services", "Services\Services.csproj", "{C9D43F63-AC54-486B-A38E-B1DF6645D68F}"
EndProject
Project("{FAE04EC0-301F-11D3-BF4B-00C04F79EFBC}") = "Main", "Main\Main.csproj", "{18217EE8-27BC-45AC-8F75-1FF22FFBCD9D}"
EndProject
Global
	GlobalSection(SolutionConfigurationPlatforms) = preSolution
		Debug|Any CPU = Debug|Any CPU
		Release|Any CPU = Release|Any CPU
	EndGlobalSection
	GlobalSection(ProjectConfigurationPlatforms) = postSolution
		{8B99A4F6-4B94-4A15-91DD-ECCE9AA749D6}.Debug|Any CPU.ActiveCfg = Debug|Any CPU
		{8B99A4F6-4B94-4A15-91DD-ECCE9AA749D6}.Debug|Any CPU.Build.0 = Debug|Any CPU
		{8B99A4F6-4B94-4A15-91DD-ECCE9AA749D6}.Release|Any CPU.ActiveCfg = Release|Any CPU
		{8B99A4F6-4B94-4A15-91DD-ECCE9AA749D6}.Release|Any CPU.Build.0 = Release|Any CPU
		{D81E99DA-7510-4866-B855-303AF2DCBE8A}.Debug|Any CPU.ActiveCfg = Debug|Any CPU
		{D81E99DA-7510-4866-B855-303AF2DCBE8A}.Debug|Any CPU.Build.0 = Debug|Any CPU
		{D81E99DA-7510-4866-B855-303AF2DCBE8A}.Release|Any CPU.ActiveCfg = Release|Any CPU
		{D81E99DA-7510-4866-B855-303AF2DCBE8A}.Release|Any CPU.Build.0 = Release|Any CPU
		{C2227BA9-93C3-4BE9-B9DF-202E2417027D}.Debug|Any CPU.ActiveCfg = Debug|Any CPU
		{C2227BA9-93C3-4BE9-B9DF-202E2417027D}.Debug|Any CPU.Build.0 = Debug|Any CPU
		{C2227BA9-93C3-4BE9-B9DF-202E2417027D}.Release|Any CPU.ActiveCfg = Release|Any CPU
		{C2227BA9-93C3-4BE9-B9DF-202E2417027D}.Release|Any CPU.Build.0 = Release|Any CPU
		{C9D43F63-AC54-486B-A38E-B1DF6645D68F}.Debug|Any CPU.ActiveCfg = Debug|Any CPU
		{C9D43F63-AC54-486B-A38E-B1DF6645D68F}.Debug|Any CPU.Build.0 = Debug|Any CPU
		{C9D43F63-AC54-486B-A38E-B1DF6645D68F}.Release|Any CPU.ActiveCfg = Release|Any CPU
		{C9D43F63-AC54-486B-A38E-B1DF6645D68F}.Release|Any CPU.Build.0 = Release|Any CPU
		{18217EE8-27BC-45AC-8F75-1FF22FFBCD9D}.Debug|Any CPU.ActiveCfg = Debug|Any CPU
		{18217EE8-27BC-45AC-8F75-1FF22FFBCD9D}.Debug|Any CPU.Build.0 = Debug|Any CPU
		{18217EE8-27BC-45AC-8F75-1FF22FFBCD9D}.Release|Any CPU.ActiveCfg = Release|Any CPU
		{18217EE8-27BC-45AC-8F75-1FF22FFBCD9D}.Release|Any CPU.Build.0 = Release|Any CPU
	EndGlobalSection
	GlobalSection(SolutionProperties) = preSolution
		HideSolutionNode = FALSE
	EndGlobalSection
	GlobalSection(ExtensibilityGlobals) = postSolution
		SolutionGuid = {0AE441A0-877D-451E-9EE0-FFEF4FAFF01E}
	EndGlobalSection
EndGlobal
